
Microsoft Visual Studio Solution File, Format Version 12.00
# Visual Studio Version 17
VisualStudioVersion = 17.4.33213.308
MinimumVisualStudioVersion = 10.0.40219.1
Project("{FAE04EC0-301F-11D3-BF4B-00C04F79EFBC}") = "app-card", "app-card.csproj", "{0B11937C-A0DF-43CD-8D32-8A3F58FA4A07}"
EndProject
Global
	GlobalSection(SolutionConfigurationPlatforms) = preSolution
		Debug|Any CPU = Debug|Any CPU
		Release|Any CPU = Release|Any CPU
	EndGlobalSection
	GlobalSection(ProjectConfigurationPlatforms) = postSolution
		{0B11937C-A0DF-43CD-8D32-8A3F58FA4A07}.Debug|Any CPU.ActiveCfg = Debug|Any CPU
		{0B11937C-A0DF-43CD-8D32-8A3F58FA4A07}.Debug|Any CPU.Build.0 = Debug|Any CPU
		{0B11937C-A0DF-43CD-8D32-8A3F58FA4A07}.Release|Any CPU.ActiveCfg = Release|Any CPU
		{0B11937C-A0DF-43CD-8D32-8A3F58FA4A07}.Release|Any CPU.Build.0 = Release|Any CPU
	EndGlobalSection
	GlobalSection(SolutionProperties) = preSolution
		HideSolutionNode = FALSE
	EndGlobalSection
	GlobalSection(ExtensibilityGlobals) = postSolution
		SolutionGuid = {F0E07A87-E198-4478-BC10-BCC84B3E68FE}
	EndGlobalSection
EndGlobal
